
Microsoft Visual Studio Solution File, Format Version 12.00
# Visual Studio Version 16
VisualStudioVersion = 16.0.31911.196
MinimumVisualStudioVersion = 10.0.40219.1
Project("{FAE04EC0-301F-11D3-BF4B-00C04F79EFBC}") = "Memo", "Memo\Memo.csproj", "{93195080-34ED-4052-8A74-B4CA2C6D9924}"
EndProject
Global
	GlobalSection(SolutionConfigurationPlatforms) = preSolution
		Debug|Any CPU = Debug|Any CPU
		Release|Any CPU = Release|Any CPU
	EndGlobalSection
	GlobalSection(ProjectConfigurationPlatforms) = postSolution
		{93195080-34ED-4052-8A74-B4CA2C6D9924}.Debug|Any CPU.ActiveCfg = Debug|Any CPU
		{93195080-34ED-4052-8A74-B4CA2C6D9924}.Debug|Any CPU.Build.0 = Debug|Any CPU
		{93195080-34ED-4052-8A74-B4CA2C6D9924}.Release|Any CPU.ActiveCfg = Release|Any CPU
		{93195080-34ED-4052-8A74-B4CA2C6D9924}.Release|Any CPU.Build.0 = Release|Any CPU
	EndGlobalSection
	GlobalSection(SolutionProperties) = preSolution
		HideSolutionNode = FALSE
	EndGlobalSection
	GlobalSection(ExtensibilityGlobals) = postSolution
		SolutionGuid = {39F863CD-9C3E-46E5-8FE7-649323084D5A}
	EndGlobalSection
EndGlobal
